
Microsoft Visual Studio Solution File, Format Version 12.00
# Visual Studio Version 16
VisualStudioVersion = 25.0.1706.1
MinimumVisualStudioVersion = 10.0.40219.1
Project("{FAE04EC0-301F-11D3-BF4B-00C04F79EFBC}") = "Secao4Problema2", "Secao4Problema2\Secao4Problema2.csproj", "{141F2056-E2F0-4FE2-B950-001A3AEFCCAB}"
EndProject
Global
	GlobalSection(SolutionConfigurationPlatforms) = preSolution
		Debug|Any CPU = Debug|Any CPU
		Release|Any CPU = Release|Any CPU
	EndGlobalSection
	GlobalSection(ProjectConfigurationPlatforms) = postSolution
		{141F2056-E2F0-4FE2-B950-001A3AEFCCAB}.Debug|Any CPU.ActiveCfg = Debug|Any CPU
		{141F2056-E2F0-4FE2-B950-001A3AEFCCAB}.Debug|Any CPU.Build.0 = Debug|Any CPU
		{141F2056-E2F0-4FE2-B950-001A3AEFCCAB}.Release|Any CPU.ActiveCfg = Release|Any CPU
		{141F2056-E2F0-4FE2-B950-001A3AEFCCAB}.Release|Any CPU.Build.0 = Release|Any CPU
	EndGlobalSection
	GlobalSection(SolutionProperties) = preSolution
		HideSolutionNode = FALSE
	EndGlobalSection
	GlobalSection(ExtensibilityGlobals) = postSolution
		SolutionGuid = {FAD2BD20-9BB7-4FBA-BF1A-5C4CA67133D9}
	EndGlobalSection
EndGlobal
