
Microsoft Visual Studio Solution File, Format Version 12.00
Project("{FAE04EC0-301F-11D3-BF4B-00C04F79EFBC}") = "Controllers", "Controllers\Controllers.csproj", "{372E6BEC-1FC0-4716-AE14-C7EF7B195127}"
EndProject
Global
	GlobalSection(SolutionConfigurationPlatforms) = preSolution
		Debug|Any CPU = Debug|Any CPU
		Release|Any CPU = Release|Any CPU
	EndGlobalSection
	GlobalSection(ProjectConfigurationPlatforms) = postSolution
		{372E6BEC-1FC0-4716-AE14-C7EF7B195127}.Debug|Any CPU.ActiveCfg = Debug|Any CPU
		{372E6BEC-1FC0-4716-AE14-C7EF7B195127}.Debug|Any CPU.Build.0 = Debug|Any CPU
		{372E6BEC-1FC0-4716-AE14-C7EF7B195127}.Release|Any CPU.ActiveCfg = Release|Any CPU
		{372E6BEC-1FC0-4716-AE14-C7EF7B195127}.Release|Any CPU.Build.0 = Release|Any CPU
	EndGlobalSection
EndGlobal
