
Microsoft Visual Studio Solution File, Format Version 12.00
Project("{FAE04EC0-301F-11D3-BF4B-00C04F79EFBC}") = "MySecondApp", "MySecondApp\MySecondApp.csproj", "{2C99A01A-C6CC-44FF-9DD0-4C0650D32B22}"
EndProject
Global
	GlobalSection(SolutionConfigurationPlatforms) = preSolution
		Debug|Any CPU = Debug|Any CPU
		Release|Any CPU = Release|Any CPU
	EndGlobalSection
	GlobalSection(ProjectConfigurationPlatforms) = postSolution
		{2C99A01A-C6CC-44FF-9DD0-4C0650D32B22}.Debug|Any CPU.ActiveCfg = Debug|Any CPU
		{2C99A01A-C6CC-44FF-9DD0-4C0650D32B22}.Debug|Any CPU.Build.0 = Debug|Any CPU
		{2C99A01A-C6CC-44FF-9DD0-4C0650D32B22}.Release|Any CPU.ActiveCfg = Release|Any CPU
		{2C99A01A-C6CC-44FF-9DD0-4C0650D32B22}.Release|Any CPU.Build.0 = Release|Any CPU
	EndGlobalSection
EndGlobal
